
Microsoft Visual Studio Solution File, Format Version 12.00
# Visual Studio Version 17
VisualStudioVersion = 17.13.35913.81 d17.13
MinimumVisualStudioVersion = 10.0.40219.1
Project("{FAE04EC0-301F-11D3-BF4B-00C04F79EFBC}") = "PPExamExample", "PPExamExample.csproj", "{D3A203F4-528C-4F49-9058-1F7333F94B4A}"
EndProject
Global
	GlobalSection(SolutionConfigurationPlatforms) = preSolution
		Debug|Any CPU = Debug|Any CPU
		Release|Any CPU = Release|Any CPU
	EndGlobalSection
	GlobalSection(ProjectConfigurationPlatforms) = postSolution
		{D3A203F4-528C-4F49-9058-1F7333F94B4A}.Debug|Any CPU.ActiveCfg = Debug|Any CPU
		{D3A203F4-528C-4F49-9058-1F7333F94B4A}.Debug|Any CPU.Build.0 = Debug|Any CPU
		{D3A203F4-528C-4F49-9058-1F7333F94B4A}.Release|Any CPU.ActiveCfg = Release|Any CPU
		{D3A203F4-528C-4F49-9058-1F7333F94B4A}.Release|Any CPU.Build.0 = Release|Any CPU
	EndGlobalSection
	GlobalSection(SolutionProperties) = preSolution
		HideSolutionNode = FALSE
	EndGlobalSection
	GlobalSection(ExtensibilityGlobals) = postSolution
		SolutionGuid = {29C7802C-414A-42F4-B373-DFB4C616720D}
	EndGlobalSection
EndGlobal
